// !$*UTF8*$!
{
	archiveVersion = 1;
	classes = {
	};
	objectVersion = 56;
	objects = {

/* Begin PBXBuildFile section */
		C025F4AC2952AFBB004E0541 /* MyWebView.swift in Sources */ = {isa = PBXBuildFile; fileRef = C025F4AB2952AFBB004E0541 /* MyWebView.swift */; };
		C03C0D942967AA6C0011C182 /* SelectView.swift in Sources */ = {isa = PBXBuildFile; fileRef = C03C0D932967AA6C0011C182 /* SelectView.swift */; };
		C06284ED296BABAB00AECBD8 /* CameraView.swift in Sources */ = {isa = PBXBuildFile; fileRef = C06284EA296BABAB00AECBD8 /* CameraView.swift */; };
		C06284EE296BABAB00AECBD8 /* CameraViewModel.swift in Sources */ = {isa = PBXBuildFile; fileRef = C06284EB296BABAB00AECBD8 /* CameraViewModel.swift */; };
		C06284EF296BABAB00AECBD8 /* Camera.swift in Sources */ = {isa = PBXBuildFile; fileRef = C06284EC296BABAB00AECBD8 /* Camera.swift */; };
		C06EFB15298698ED00F2EA0B /* PhotoData.swift in Sources */ = {isa = PBXBuildFile; fileRef = C06EFB14298698ED00F2EA0B /* PhotoData.swift */; };
		C0876A5A2982A98F006BBCC3 /* GridPhotoView.swift in Sources */ = {isa = PBXBuildFile; fileRef = C0876A592982A98F006BBCC3 /* GridPhotoView.swift */; };
		C091AF91294E9C050088886A /* TESTApp.swift in Sources */ = {isa = PBXBuildFile; fileRef = C091AF90294E9C050088886A /* TESTApp.swift */; };
		C091AF93294E9C050088886A /* ContentView.swift in Sources */ = {isa = PBXBuildFile; fileRef = C091AF92294E9C050088886A /* ContentView.swift */; };
		C091AF95294E9C060088886A /* Assets.xcassets in Resources */ = {isa = PBXBuildFile; fileRef = C091AF94294E9C060088886A /* Assets.xcassets */; };
		C091AF98294E9C060088886A /* Preview Assets.xcassets in Resources */ = {isa = PBXBuildFile; fileRef = C091AF97294E9C060088886A /* Preview Assets.xcassets */; };
		C091AFA2294E9C060088886A /* TESTTests.swift in Sources */ = {isa = PBXBuildFile; fileRef = C091AFA1294E9C060088886A /* TESTTests.swift */; };
		C091AFAC294E9C060088886A /* TESTUITests.swift in Sources */ = {isa = PBXBuildFile; fileRef = C091AFAB294E9C060088886A /* TESTUITests.swift */; };
		C091AFAE294E9C060088886A /* TESTUITestsLaunchTests.swift in Sources */ = {isa = PBXBuildFile; fileRef = C091AFAD294E9C060088886A /* TESTUITestsLaunchTests.swift */; };
		C0A399942962FC2200410831 /* WebViewModel.swift in Sources */ = {isa = PBXBuildFile; fileRef = C0A399932962FC2200410831 /* WebViewModel.swift */; };
		C0A399982962FDA600410831 /* WebViewRefreshControlHelper.swift in Sources */ = {isa = PBXBuildFile; fileRef = C0A399972962FDA500410831 /* WebViewRefreshControlHelper.swift */; };
		C0A3999E2964F15E00410831 /* SignView.swift in Sources */ = {isa = PBXBuildFile; fileRef = C0A3999D2964F15E00410831 /* SignView.swift */; };
		C0A399A12964F23500410831 /* FirebaseAnalytics in Frameworks */ = {isa = PBXBuildFile; productRef = C0A399A02964F23500410831 /* FirebaseAnalytics */; };
		C0A399A32964F23500410831 /* FirebaseAnalyticsOnDeviceConversion in Frameworks */ = {isa = PBXBuildFile; productRef = C0A399A22964F23500410831 /* FirebaseAnalyticsOnDeviceConversion */; };
		C0A399A52964F23500410831 /* FirebaseAnalyticsSwift in Frameworks */ = {isa = PBXBuildFile; productRef = C0A399A42964F23500410831 /* FirebaseAnalyticsSwift */; };
		C0A399A72964F23500410831 /* FirebaseAnalyticsWithoutAdIdSupport in Frameworks */ = {isa = PBXBuildFile; productRef = C0A399A62964F23500410831 /* FirebaseAnalyticsWithoutAdIdSupport */; };
		C0A399A92964F23500410831 /* FirebaseAppCheck in Frameworks */ = {isa = PBXBuildFile; productRef = C0A399A82964F23500410831 /* FirebaseAppCheck */; };
		C0A399AB2964F23500410831 /* FirebaseAppDistribution-Beta in Frameworks */ = {isa = PBXBuildFile; productRef = C0A399AA2964F23500410831 /* FirebaseAppDistribution-Beta */; };
		C0A399AD2964F23500410831 /* FirebaseAuth in Frameworks */ = {isa = PBXBuildFile; productRef = C0A399AC2964F23500410831 /* FirebaseAuth */; };
		C0A399AF2964F23500410831 /* FirebaseAuthCombine-Community in Frameworks */ = {isa = PBXBuildFile; productRef = C0A399AE2964F23500410831 /* FirebaseAuthCombine-Community */; };
		C0A399B12964F23500410831 /* FirebaseCrashlytics in Frameworks */ = {isa = PBXBuildFile; productRef = C0A399B02964F23500410831 /* FirebaseCrashlytics */; };
		C0A399B32964F23500410831 /* FirebaseFirestore in Frameworks */ = {isa = PBXBuildFile; productRef = C0A399B22964F23500410831 /* FirebaseFirestore */; };
		C0A399B52964F23500410831 /* FirebaseFirestoreCombine-Community in Frameworks */ = {isa = PBXBuildFile; productRef = C0A399B42964F23500410831 /* FirebaseFirestoreCombine-Community */; };
		C0A399B72964F23500410831 /* FirebaseFirestoreSwift in Frameworks */ = {isa = PBXBuildFile; productRef = C0A399B62964F23500410831 /* FirebaseFirestoreSwift */; };
		C0A399B92964F23500410831 /* FirebaseFunctions in Frameworks */ = {isa = PBXBuildFile; productRef = C0A399B82964F23500410831 /* FirebaseFunctions */; };
		C0A399BB2964F23500410831 /* FirebaseFunctionsCombine-Community in Frameworks */ = {isa = PBXBuildFile; productRef = C0A399BA2964F23500410831 /* FirebaseFunctionsCombine-Community */; };
		C0A399BD2964F23500410831 /* FirebaseInAppMessaging-Beta in Frameworks */ = {isa = PBXBuildFile; productRef = C0A399BC2964F23500410831 /* FirebaseInAppMessaging-Beta */; };
		C0A399BF2964F23500410831 /* FirebaseInAppMessagingSwift-Beta in Frameworks */ = {isa = PBXBuildFile; productRef = C0A399BE2964F23500410831 /* FirebaseInAppMessagingSwift-Beta */; };
		C0A399C12964F23500410831 /* FirebaseInstallations in Frameworks */ = {isa = PBXBuildFile; productRef = C0A399C02964F23500410831 /* FirebaseInstallations */; };
		C0A399C32964F55D00410831 /* GoogleService-Info.plist in Resources */ = {isa = PBXBuildFile; fileRef = C0A399C22964F55D00410831 /* GoogleService-Info.plist */; };
		C0A898EA2974ED820086B277 /* CameraTopBar.swift in Sources */ = {isa = PBXBuildFile; fileRef = C0A898E92974ED820086B277 /* CameraTopBar.swift */; };
/* End PBXBuildFile section */

/* Begin PBXContainerItemProxy section */
		C091AF9E294E9C060088886A /* PBXContainerItemProxy */ = {
			isa = PBXContainerItemProxy;
			containerPortal = C091AF85294E9C050088886A /* Project object */;
			proxyType = 1;
			remoteGlobalIDString = C091AF8C294E9C050088886A;
			remoteInfo = TEST;
		};
		C091AFA8294E9C060088886A /* PBXContainerItemProxy */ = {
			isa = PBXContainerItemProxy;
			containerPortal = C091AF85294E9C050088886A /* Project object */;
			proxyType = 1;
			remoteGlobalIDString = C091AF8C294E9C050088886A;
			remoteInfo = TEST;
		};
/* End PBXContainerItemProxy section */

/* Begin PBXFileReference section */
		C025F4AB2952AFBB004E0541 /* MyWebView.swift */ = {isa = PBXFileReference; lastKnownFileType = sourcecode.swift; path = MyWebView.swift; sourceTree = "<group>"; };
		C03C0D932967AA6C0011C182 /* SelectView.swift */ = {isa = PBXFileReference; lastKnownFileType = sourcecode.swift; path = SelectView.swift; sourceTree = "<group>"; };
		C06284EA296BABAB00AECBD8 /* CameraView.swift */ = {isa = PBXFileReference; fileEncoding = 4; lastKnownFileType = sourcecode.swift; path = CameraView.swift; sourceTree = "<group>"; };
		C06284EB296BABAB00AECBD8 /* CameraViewModel.swift */ = {isa = PBXFileReference; fileEncoding = 4; lastKnownFileType = sourcecode.swift; path = CameraViewModel.swift; sourceTree = "<group>"; };
		C06284EC296BABAB00AECBD8 /* Camera.swift */ = {isa = PBXFileReference; fileEncoding = 4; lastKnownFileType = sourcecode.swift; path = Camera.swift; sourceTree = "<group>"; };
		C06284F0296BACBA00AECBD8 /* Info.plist */ = {isa = PBXFileReference; lastKnownFileType = text.plist; path = Info.plist; sourceTree = "<group>"; };
		C06EFB14298698ED00F2EA0B /* PhotoData.swift */ = {isa = PBXFileReference; lastKnownFileType = sourcecode.swift; path = PhotoData.swift; sourceTree = "<group>"; };
		C0876A592982A98F006BBCC3 /* GridPhotoView.swift */ = {isa = PBXFileReference; lastKnownFileType = sourcecode.swift; path = GridPhotoView.swift; sourceTree = "<group>"; };
		C091AF8D294E9C050088886A /* TEST.app */ = {isa = PBXFileReference; explicitFileType = wrapper.application; includeInIndex = 0; path = TEST.app; sourceTree = BUILT_PRODUCTS_DIR; };
		C091AF90294E9C050088886A /* TESTApp.swift */ = {isa = PBXFileReference; lastKnownFileType = sourcecode.swift; path = TESTApp.swift; sourceTree = "<group>"; };
		C091AF92294E9C050088886A /* ContentView.swift */ = {isa = PBXFileReference; lastKnownFileType = sourcecode.swift; path = ContentView.swift; sourceTree = "<group>"; };
		C091AF94294E9C060088886A /* Assets.xcassets */ = {isa = PBXFileReference; lastKnownFileType = folder.assetcatalog; path = Assets.xcassets; sourceTree = "<group>"; };
		C091AF97294E9C060088886A /* Preview Assets.xcassets */ = {isa = PBXFileReference; lastKnownFileType = folder.assetcatalog; path = "Preview Assets.xcassets"; sourceTree = "<group>"; };
		C091AF9D294E9C060088886A /* TESTTests.xctest */ = {isa = PBXFileReference; explicitFileType = wrapper.cfbundle; includeInIndex = 0; path = TESTTests.xctest; sourceTree = BUILT_PRODUCTS_DIR; };
		C091AFA1294E9C060088886A /* TESTTests.swift */ = {isa = PBXFileReference; lastKnownFileType = sourcecode.swift; path = TESTTests.swift; sourceTree = "<group>"; };
		C091AFA7294E9C060088886A /* TESTUITests.xctest */ = {isa = PBXFileReference; explicitFileType = wrapper.cfbundle; includeInIndex = 0; path = TESTUITests.xctest; sourceTree = BUILT_PRODUCTS_DIR; };
		C091AFAB294E9C060088886A /* TESTUITests.swift */ = {isa = PBXFileReference; lastKnownFileType = sourcecode.swift; path = TESTUITests.swift; sourceTree = "<group>"; };
		C091AFAD294E9C060088886A /* TESTUITestsLaunchTests.swift */ = {isa = PBXFileReference; lastKnownFileType = sourcecode.swift; path = TESTUITestsLaunchTests.swift; sourceTree = "<group>"; };
		C0A399932962FC2200410831 /* WebViewModel.swift */ = {isa = PBXFileReference; fileEncoding = 4; lastKnownFileType = sourcecode.swift; path = WebViewModel.swift; sourceTree = "<group>"; };
		C0A399972962FDA500410831 /* WebViewRefreshControlHelper.swift */ = {isa = PBXFileReference; fileEncoding = 4; lastKnownFileType = sourcecode.swift; path = WebViewRefreshControlHelper.swift; sourceTree = "<group>"; };
		C0A3999D2964F15E00410831 /* SignView.swift */ = {isa = PBXFileReference; lastKnownFileType = sourcecode.swift; path = SignView.swift; sourceTree = "<group>"; };
		C0A399C22964F55D00410831 /* GoogleService-Info.plist */ = {isa = PBXFileReference; fileEncoding = 4; lastKnownFileType = text.plist.xml; path = "GoogleService-Info.plist"; sourceTree = "<group>"; };
		C0A898E92974ED820086B277 /* CameraTopBar.swift */ = {isa = PBXFileReference; lastKnownFileType = sourcecode.swift; path = CameraTopBar.swift; sourceTree = "<group>"; };
/* End PBXFileReference section */

/* Begin PBXFrameworksBuildPhase section */
		C091AF8A294E9C050088886A /* Frameworks */ = {
			isa = PBXFrameworksBuildPhase;
			buildActionMask = 2147483647;
			files = (
				C0A399A52964F23500410831 /* FirebaseAnalyticsSwift in Frameworks */,
				C0A399A12964F23500410831 /* FirebaseAnalytics in Frameworks */,
				C0A399A32964F23500410831 /* FirebaseAnalyticsOnDeviceConversion in Frameworks */,
				C0A399B32964F23500410831 /* FirebaseFirestore in Frameworks */,
				C0A399A92964F23500410831 /* FirebaseAppCheck in Frameworks */,
				C0A399B52964F23500410831 /* FirebaseFirestoreCombine-Community in Frameworks */,
				C0A399A72964F23500410831 /* FirebaseAnalyticsWithoutAdIdSupport in Frameworks */,
				C0A399BB2964F23500410831 /* FirebaseFunctionsCombine-Community in Frameworks */,
				C0A399C12964F23500410831 /* FirebaseInstallations in Frameworks */,
				C0A399AD2964F23500410831 /* FirebaseAuth in Frameworks */,
				C0A399B12964F23500410831 /* FirebaseCrashlytics in Frameworks */,
				C0A399BF2964F23500410831 /* FirebaseInAppMessagingSwift-Beta in Frameworks */,
				C0A399B92964F23500410831 /* FirebaseFunctions in Frameworks */,
				C0A399AB2964F23500410831 /* FirebaseAppDistribution-Beta in Frameworks */,
				C0A399AF2964F23500410831 /* FirebaseAuthCombine-Community in Frameworks */,
				C0A399B72964F23500410831 /* FirebaseFirestoreSwift in Frameworks */,
				C0A399BD2964F23500410831 /* FirebaseInAppMessaging-Beta in Frameworks */,
			);
			runOnlyForDeploymentPostprocessing = 0;
		};
		C091AF9A294E9C060088886A /* Frameworks */ = {
			isa = PBXFrameworksBuildPhase;
			buildActionMask = 2147483647;
			files = (
			);
			runOnlyForDeploymentPostprocessing = 0;
		};
		C091AFA4294E9C060088886A /* Frameworks */ = {
			isa = PBXFrameworksBuildPhase;
			buildActionMask = 2147483647;
			files = (
			);
			runOnlyForDeploymentPostprocessing = 0;
		};
/* End PBXFrameworksBuildPhase section */

/* Begin PBXGroup section */
		C091AF84294E9C050088886A = {
			isa = PBXGroup;
			children = (
				C091AF8F294E9C050088886A /* TEST */,
				C091AFA0294E9C060088886A /* TESTTests */,
				C091AFAA294E9C060088886A /* TESTUITests */,
				C091AF8E294E9C050088886A /* Products */,
			);
			sourceTree = "<group>";
		};
		C091AF8E294E9C050088886A /* Products */ = {
			isa = PBXGroup;
			children = (
				C091AF8D294E9C050088886A /* TEST.app */,
				C091AF9D294E9C060088886A /* TESTTests.xctest */,
				C091AFA7294E9C060088886A /* TESTUITests.xctest */,
			);
			name = Products;
			sourceTree = "<group>";
		};
		C091AF8F294E9C050088886A /* TEST */ = {
			isa = PBXGroup;
			children = (
				C06284F0296BACBA00AECBD8 /* Info.plist */,
				C0A399C22964F55D00410831 /* GoogleService-Info.plist */,
				C0A399972962FDA500410831 /* WebViewRefreshControlHelper.swift */,
				C091AF90294E9C050088886A /* TESTApp.swift */,
				C06284EC296BABAB00AECBD8 /* Camera.swift */,
				C06EFB14298698ED00F2EA0B /* PhotoData.swift */,
				C06284EB296BABAB00AECBD8 /* CameraViewModel.swift */,
				C0A898E92974ED820086B277 /* CameraTopBar.swift */,
				C0876A592982A98F006BBCC3 /* GridPhotoView.swift */,
				C06284EA296BABAB00AECBD8 /* CameraView.swift */,
				C03C0D932967AA6C0011C182 /* SelectView.swift */,
				C025F4AB2952AFBB004E0541 /* MyWebView.swift */,
				C091AF92294E9C050088886A /* ContentView.swift */,
				C0A399932962FC2200410831 /* WebViewModel.swift */,
				C0A3999D2964F15E00410831 /* SignView.swift */,
				C091AF94294E9C060088886A /* Assets.xcassets */,
				C091AF96294E9C060088886A /* Preview Content */,
			);
			path = TEST;
			sourceTree = "<group>";
		};
		C091AF96294E9C060088886A /* Preview Content */ = {
			isa = PBXGroup;
			children = (
				C091AF97294E9C060088886A /* Preview Assets.xcassets */,
			);
			path = "Preview Content";
			sourceTree = "<group>";
		};
		C091AFA0294E9C060088886A /* TESTTests */ = {
			isa = PBXGroup;
			children = (
				C091AFA1294E9C060088886A /* TESTTests.swift */,
			);
			path = TESTTests;
			sourceTree = "<group>";
		};
		C091AFAA294E9C060088886A /* TESTUITests */ = {
			isa = PBXGroup;
			children = (
				C091AFAB294E9C060088886A /* TESTUITests.swift */,
				C091AFAD294E9C060088886A /* TESTUITestsLaunchTests.swift */,
			);
			path = TESTUITests;
			sourceTree = "<group>";
		};
/* End PBXGroup section */

/* Begin PBXNativeTarget section */
		C091AF8C294E9C050088886A /* TEST */ = {
			isa = PBXNativeTarget;
			buildConfigurationList = C091AFB1294E9C060088886A /* Build configuration list for PBXNativeTarget "TEST" */;
			buildPhases = (
				C091AF89294E9C050088886A /* Sources */,
				C091AF8A294E9C050088886A /* Frameworks */,
				C091AF8B294E9C050088886A /* Resources */,
			);
			buildRules = (
			);
			dependencies = (
			);
			name = TEST;
			packageProductDependencies = (
				C0A399A02964F23500410831 /* FirebaseAnalytics */,
				C0A399A22964F23500410831 /* FirebaseAnalyticsOnDeviceConversion */,
				C0A399A42964F23500410831 /* FirebaseAnalyticsSwift */,
				C0A399A62964F23500410831 /* FirebaseAnalyticsWithoutAdIdSupport */,
				C0A399A82964F23500410831 /* FirebaseAppCheck */,
				C0A399AA2964F23500410831 /* FirebaseAppDistribution-Beta */,
				C0A399AC2964F23500410831 /* FirebaseAuth */,
				C0A399AE2964F23500410831 /* FirebaseAuthCombine-Community */,
				C0A399B02964F23500410831 /* FirebaseCrashlytics */,
				C0A399B22964F23500410831 /* FirebaseFirestore */,
				C0A399B42964F23500410831 /* FirebaseFirestoreCombine-Community */,
				C0A399B62964F23500410831 /* FirebaseFirestoreSwift */,
				C0A399B82964F23500410831 /* FirebaseFunctions */,
				C0A399BA2964F23500410831 /* FirebaseFunctionsCombine-Community */,
				C0A399BC2964F23500410831 /* FirebaseInAppMessaging-Beta */,
				C0A399BE2964F23500410831 /* FirebaseInAppMessagingSwift-Beta */,
				C0A399C02964F23500410831 /* FirebaseInstallations */,
			);
			productName = TEST;
			productReference = C091AF8D294E9C050088886A /* TEST.app */;
			productType = "com.apple.product-type.application";
		};
		C091AF9C294E9C060088886A /* TESTTests */ = {
			isa = PBXNativeTarget;
			buildConfigurationList = C091AFB4294E9C060088886A /* Build configuration list for PBXNativeTarget "TESTTests" */;
			buildPhases = (
				C091AF99294E9C060088886A /* Sources */,
				C091AF9A294E9C060088886A /* Frameworks */,
				C091AF9B294E9C060088886A /* Resources */,
			);
			buildRules = (
			);
			dependencies = (
				C091AF9F294E9C060088886A /* PBXTargetDependency */,
			);
			name = TESTTests;
			productName = TESTTests;
			productReference = C091AF9D294E9C060088886A /* TESTTests.xctest */;
			productType = "com.apple.product-type.bundle.unit-test";
		};
		C091AFA6294E9C060088886A /* TESTUITests */ = {
			isa = PBXNativeTarget;
			buildConfigurationList = C091AFB7294E9C060088886A /* Build configuration list for PBXNativeTarget "TESTUITests" */;
			buildPhases = (
				C091AFA3294E9C060088886A /* Sources */,
				C091AFA4294E9C060088886A /* Frameworks */,
				C091AFA5294E9C060088886A /* Resources */,
			);
			buildRules = (
			);
			dependencies = (
				C091AFA9294E9C060088886A /* PBXTargetDependency */,
			);
			name = TESTUITests;
			productName = TESTUITests;
			productReference = C091AFA7294E9C060088886A /* TESTUITests.xctest */;
			productType = "com.apple.product-type.bundle.ui-testing";
		};
/* End PBXNativeTarget section */

/* Begin PBXProject section */
		C091AF85294E9C050088886A /* Project object */ = {
			isa = PBXProject;
			attributes = {
				BuildIndependentTargetsInParallel = 1;
				KnownAssetTags = (
					LaunchScreenImage,
				);
				LastSwiftUpdateCheck = 1420;
				LastUpgradeCheck = 1420;
				TargetAttributes = {
					C091AF8C294E9C050088886A = {
						CreatedOnToolsVersion = 14.2;
					};
					C091AF9C294E9C060088886A = {
						CreatedOnToolsVersion = 14.2;
						TestTargetID = C091AF8C294E9C050088886A;
					};
					C091AFA6294E9C060088886A = {
						CreatedOnToolsVersion = 14.2;
						TestTargetID = C091AF8C294E9C050088886A;
					};
				};
			};
			buildConfigurationList = C091AF88294E9C050088886A /* Build configuration list for PBXProject "TEST" */;
			compatibilityVersion = "Xcode 14.0";
			developmentRegion = en;
			hasScannedForEncodings = 0;
			knownRegions = (
				en,
				Base,
			);
			mainGroup = C091AF84294E9C050088886A;
			packageReferences = (
				C0A3999F2964F23500410831 /* XCRemoteSwiftPackageReference "firebase-ios-sdk" */,
			);
			productRefGroup = C091AF8E294E9C050088886A /* Products */;
			projectDirPath = "";
			projectRoot = "";
			targets = (
				C091AF8C294E9C050088886A /* TEST */,
				C091AF9C294E9C060088886A /* TESTTests */,
				C091AFA6294E9C060088886A /* TESTUITests */,
			);
		};
/* End PBXProject section */

/* Begin PBXResourcesBuildPhase section */
		C091AF8B294E9C050088886A /* Resources */ = {
			isa = PBXResourcesBuildPhase;
			buildActionMask = 2147483647;
			files = (
				C091AF98294E9C060088886A /* Preview Assets.xcassets in Resources */,
				C091AF95294E9C060088886A /* Assets.xcassets in Resources */,
				C0A399C32964F55D00410831 /* GoogleService-Info.plist in Resources */,
			);
			runOnlyForDeploymentPostprocessing = 0;
		};
		C091AF9B294E9C060088886A /* Resources */ = {
			isa = PBXResourcesBuildPhase;
			buildActionMask = 2147483647;
			files = (
			);
			runOnlyForDeploymentPostprocessing = 0;
		};
		C091AFA5294E9C060088886A /* Resources */ = {
			isa = PBXResourcesBuildPhase;
			buildActionMask = 2147483647;
			files = (
			);
			runOnlyForDeploymentPostprocessing = 0;
		};
/* End PBXResourcesBuildPhase section */

/* Begin PBXSourcesBuildPhase section */
		C091AF89294E9C050088886A /* Sources */ = {
			isa = PBXSourcesBuildPhase;
			buildActionMask = 2147483647;
			files = (
				C06284EF296BABAB00AECBD8 /* Camera.swift in Sources */,
				C0A3999E2964F15E00410831 /* SignView.swift in Sources */,
				C025F4AC2952AFBB004E0541 /* MyWebView.swift in Sources */,
				C0A399982962FDA600410831 /* WebViewRefreshControlHelper.swift in Sources */,
				C06284EE296BABAB00AECBD8 /* CameraViewModel.swift in Sources */,
				C0876A5A2982A98F006BBCC3 /* GridPhotoView.swift in Sources */,
				C0A898EA2974ED820086B277 /* CameraTopBar.swift in Sources */,
				C06284ED296BABAB00AECBD8 /* CameraView.swift in Sources */,
				C091AF93294E9C050088886A /* ContentView.swift in Sources */,
				C091AF91294E9C050088886A /* TESTApp.swift in Sources */,
				C0A399942962FC2200410831 /* WebViewModel.swift in Sources */,
				C03C0D942967AA6C0011C182 /* SelectView.swift in Sources */,
				C06EFB15298698ED00F2EA0B /* PhotoData.swift in Sources */,
			);
			runOnlyForDeploymentPostprocessing = 0;
		};
		C091AF99294E9C060088886A /* Sources */ = {
			isa = PBXSourcesBuildPhase;
			buildActionMask = 2147483647;
			files = (
				C091AFA2294E9C060088886A /* TESTTests.swift in Sources */,
			);
			runOnlyForDeploymentPostprocessing = 0;
		};
		C091AFA3294E9C060088886A /* Sources */ = {
			isa = PBXSourcesBuildPhase;
			buildActionMask = 2147483647;
			files = (
				C091AFAE294E9C060088886A /* TESTUITestsLaunchTests.swift in Sources */,
				C091AFAC294E9C060088886A /* TESTUITests.swift in Sources */,
			);
			runOnlyForDeploymentPostprocessing = 0;
		};
/* End PBXSourcesBuildPhase section */

/* Begin PBXTargetDependency section */
		C091AF9F294E9C060088886A /* PBXTargetDependency */ = {
			isa = PBXTargetDependency;
			target = C091AF8C294E9C050088886A /* TEST */;
			targetProxy = C091AF9E294E9C060088886A /* PBXContainerItemProxy */;
		};
		C091AFA9294E9C060088886A /* PBXTargetDependency */ = {
			isa = PBXTargetDependency;
			target = C091AF8C294E9C050088886A /* TEST */;
			targetProxy = C091AFA8294E9C060088886A /* PBXContainerItemProxy */;
		};
/* End PBXTargetDependency section */

/* Begin XCBuildConfiguration section */
		C091AFAF294E9C060088886A /* Debug */ = {
			isa = XCBuildConfiguration;
			buildSettings = {
				ALWAYS_SEARCH_USER_PATHS = NO;
				CLANG_ANALYZER_NONNULL = YES;
				CLANG_ANALYZER_NUMBER_OBJECT_CONVERSION = YES_AGGRESSIVE;
				CLANG_CXX_LANGUAGE_STANDARD = "gnu++20";
				CLANG_ENABLE_MODULES = YES;
				CLANG_ENABLE_OBJC_ARC = YES;
				CLANG_ENABLE_OBJC_WEAK = YES;
				CLANG_WARN_BLOCK_CAPTURE_AUTORELEASING = YES;
				CLANG_WARN_BOOL_CONVERSION = YES;
				CLANG_WARN_COMMA = YES;
				CLANG_WARN_CONSTANT_CONVERSION = YES;
				CLANG_WARN_DEPRECATED_OBJC_IMPLEMENTATIONS = YES;
				CLANG_WARN_DIRECT_OBJC_ISA_USAGE = YES_ERROR;
				CLANG_WARN_DOCUMENTATION_COMMENTS = YES;
				CLANG_WARN_EMPTY_BODY = YES;
				CLANG_WARN_ENUM_CONVERSION = YES;
				CLANG_WARN_INFINITE_RECURSION = YES;
				CLANG_WARN_INT_CONVERSION = YES;
				CLANG_WARN_NON_LITERAL_NULL_CONVERSION = YES;
				CLANG_WARN_OBJC_IMPLICIT_RETAIN_SELF = YES;
				CLANG_WARN_OBJC_LITERAL_CONVERSION = YES;
				CLANG_WARN_OBJC_ROOT_CLASS = YES_ERROR;
				CLANG_WARN_QUOTED_INCLUDE_IN_FRAMEWORK_HEADER = YES;
				CLANG_WARN_RANGE_LOOP_ANALYSIS = YES;
				CLANG_WARN_STRICT_PROTOTYPES = YES;
				CLANG_WARN_SUSPICIOUS_MOVE = YES;
				CLANG_WARN_UNGUARDED_AVAILABILITY = YES_AGGRESSIVE;
				CLANG_WARN_UNREACHABLE_CODE = YES;
				CLANG_WARN__DUPLICATE_METHOD_MATCH = YES;
				COPY_PHASE_STRIP = NO;
				DEBUG_INFORMATION_FORMAT = dwarf;
				ENABLE_STRICT_OBJC_MSGSEND = YES;
				ENABLE_TESTABILITY = YES;
				GCC_C_LANGUAGE_STANDARD = gnu11;
				GCC_DYNAMIC_NO_PIC = NO;
				GCC_NO_COMMON_BLOCKS = YES;
				GCC_OPTIMIZATION_LEVEL = 0;
				GCC_PREPROCESSOR_DEFINITIONS = (
					"DEBUG=1",
					"$(inherited)",
				);
				GCC_WARN_64_TO_32_BIT_CONVERSION = YES;
				GCC_WARN_ABOUT_RETURN_TYPE = YES_ERROR;
				GCC_WARN_UNDECLARED_SELECTOR = YES;
				GCC_WARN_UNINITIALIZED_AUTOS = YES_AGGRESSIVE;
				GCC_WARN_UNUSED_FUNCTION = YES;
				GCC_WARN_UNUSED_VARIABLE = YES;
				IPHONEOS_DEPLOYMENT_TARGET = 16.2;
				MTL_ENABLE_DEBUG_INFO = INCLUDE_SOURCE;
				MTL_FAST_MATH = YES;
				ONLY_ACTIVE_ARCH = YES;
				SDKROOT = iphoneos;
				SWIFT_ACTIVE_COMPILATION_CONDITIONS = DEBUG;
				SWIFT_OPTIMIZATION_LEVEL = "-Onone";
			};
			name = Debug;
		};
		C091AFB0294E9C060088886A /* Release */ = {
			isa = XCBuildConfiguration;
			buildSettings = {
				ALWAYS_SEARCH_USER_PATHS = NO;
				CLANG_ANALYZER_NONNULL = YES;
				CLANG_ANALYZER_NUMBER_OBJECT_CONVERSION = YES_AGGRESSIVE;
				CLANG_CXX_LANGUAGE_STANDARD = "gnu++20";
				CLANG_ENABLE_MODULES = YES;
				CLANG_ENABLE_OBJC_ARC = YES;
				CLANG_ENABLE_OBJC_WEAK = YES;
				CLANG_WARN_BLOCK_CAPTURE_AUTORELEASING = YES;
				CLANG_WARN_BOOL_CONVERSION = YES;
				CLANG_WARN_COMMA = YES;
				CLANG_WARN_CONSTANT_CONVERSION = YES;
				CLANG_WARN_DEPRECATED_OBJC_IMPLEMENTATIONS = YES;
				CLANG_WARN_DIRECT_OBJC_ISA_USAGE = YES_ERROR;
				CLANG_WARN_DOCUMENTATION_COMMENTS = YES;
				CLANG_WARN_EMPTY_BODY = YES;
				CLANG_WARN_ENUM_CONVERSION = YES;
				CLANG_WARN_INFINITE_RECURSION = YES;
				CLANG_WARN_INT_CONVERSION = YES;
				CLANG_WARN_NON_LITERAL_NULL_CONVERSION = YES;
				CLANG_WARN_OBJC_IMPLICIT_RETAIN_SELF = YES;
				CLANG_WARN_OBJC_LITERAL_CONVERSION = YES;
				CLANG_WARN_OBJC_ROOT_CLASS = YES_ERROR;
				CLANG_WARN_QUOTED_INCLUDE_IN_FRAMEWORK_HEADER = YES;
				CLANG_WARN_RANGE_LOOP_ANALYSIS = YES;
				CLANG_WARN_STRICT_PROTOTYPES = YES;
				CLANG_WARN_SUSPICIOUS_MOVE = YES;
				CLANG_WARN_UNGUARDED_AVAILABILITY = YES_AGGRESSIVE;
				CLANG_WARN_UNREACHABLE_CODE = YES;
				CLANG_WARN__DUPLICATE_METHOD_MATCH = YES;
				COPY_PHASE_STRIP = NO;
				DEBUG_INFORMATION_FORMAT = "dwarf-with-dsym";
				ENABLE_NS_ASSERTIONS = NO;
				ENABLE_STRICT_OBJC_MSGSEND = YES;
				GCC_C_LANGUAGE_STANDARD = gnu11;
				GCC_NO_COMMON_BLOCKS = YES;
				GCC_WARN_64_TO_32_BIT_CONVERSION = YES;
				GCC_WARN_ABOUT_RETURN_TYPE = YES_ERROR;
				GCC_WARN_UNDECLARED_SELECTOR = YES;
				GCC_WARN_UNINITIALIZED_AUTOS = YES_AGGRESSIVE;
				GCC_WARN_UNUSED_FUNCTION = YES;
				GCC_WARN_UNUSED_VARIABLE = YES;
				IPHONEOS_DEPLOYMENT_TARGET = 16.2;
				MTL_ENABLE_DEBUG_INFO = NO;
				MTL_FAST_MATH = YES;
				SDKROOT = iphoneos;
				SWIFT_COMPILATION_MODE = wholemodule;
				SWIFT_OPTIMIZATION_LEVEL = "-O";
				VALIDATE_PRODUCT = YES;
			};
			name = Release;
		};
		C091AFB2294E9C060088886A /* Debug */ = {
			isa = XCBuildConfiguration;
			buildSettings = {
				ASSETCATALOG_COMPILER_APPICON_NAME = AppIcon;
				ASSETCATALOG_COMPILER_GLOBAL_ACCENT_COLOR_NAME = AccentColor;
				CODE_SIGN_STYLE = Automatic;
				CURRENT_PROJECT_VERSION = 1;
				DEVELOPMENT_ASSET_PATHS = "\"TEST/Preview Content\"";
				DEVELOPMENT_TEAM = 5GZJ9VQSAU;
				ENABLE_PREVIEWS = YES;
				GENERATE_INFOPLIST_FILE = YES;
				INFOPLIST_FILE = TEST/Info.plist;
				INFOPLIST_KEY_NSCameraUsageDescription = "";
				INFOPLIST_KEY_NSPhotoLibraryAddUsageDescription = "";
				INFOPLIST_KEY_UIApplicationSceneManifest_Generation = YES;
				INFOPLIST_KEY_UIApplicationSupportsIndirectInputEvents = YES;
				INFOPLIST_KEY_UILaunchScreen_Generation = YES;
				INFOPLIST_KEY_UISupportedInterfaceOrientations_iPad = "UIInterfaceOrientationPortrait UIInterfaceOrientationPortraitUpsideDown UIInterfaceOrientationLandscapeLeft UIInterfaceOrientationLandscapeRight";
				INFOPLIST_KEY_UISupportedInterfaceOrientations_iPhone = "UIInterfaceOrientationPortrait UIInterfaceOrientationLandscapeLeft UIInterfaceOrientationLandscapeRight";
				LD_RUNPATH_SEARCH_PATHS = (
					"$(inherited)",
					"@executable_path/Frameworks",
				);
				MARKETING_VERSION = 1.0;
				PRODUCT_BUNDLE_IDENTIFIER = com.winoi.denpicprototype;
				PRODUCT_NAME = "$(TARGET_NAME)";
				SWIFT_EMIT_LOC_STRINGS = YES;
				SWIFT_VERSION = 5.0;
				TARGETED_DEVICE_FAMILY = "1,2";
			};
			name = Debug;
		};
		C091AFB3294E9C060088886A /* Release */ = {
			isa = XCBuildConfiguration;
			buildSettings = {
				ASSETCATALOG_COMPILER_APPICON_NAME = AppIcon;
				ASSETCATALOG_COMPILER_GLOBAL_ACCENT_COLOR_NAME = AccentColor;
				CODE_SIGN_STYLE = Automatic;
				CURRENT_PROJECT_VERSION = 1;
				DEVELOPMENT_ASSET_PATHS = "\"TEST/Preview Content\"";
				DEVELOPMENT_TEAM = 5GZJ9VQSAU;
				ENABLE_PREVIEWS = YES;
				GENERATE_INFOPLIST_FILE = YES;
				INFOPLIST_FILE = TEST/Info.plist;
				INFOPLIST_KEY_NSCameraUsageDescription = "";
				INFOPLIST_KEY_NSPhotoLibraryAddUsageDescription = "";
				INFOPLIST_KEY_UIApplicationSceneManifest_Generation = YES;
				INFOPLIST_KEY_UIApplicationSupportsIndirectInputEvents = YES;
				INFOPLIST_KEY_UILaunchScreen_Generation = YES;
				INFOPLIST_KEY_UISupportedInterfaceOrientations_iPad = "UIInterfaceOrientationPortrait UIInterfaceOrientationPortraitUpsideDown UIInterfaceOrientationLandscapeLeft UIInterfaceOrientationLandscapeRight";
				INFOPLIST_KEY_UISupportedInterfaceOrientations_iPhone = "UIInterfaceOrientationPortrait UIInterfaceOrientationLandscapeLeft UIInterfaceOrientationLandscapeRight";
				LD_RUNPATH_SEARCH_PATHS = (
					"$(inherited)",
					"@executable_path/Frameworks",
				);
				MARKETING_VERSION = 1.0;
				PRODUCT_BUNDLE_IDENTIFIER = com.winoi.denpicprototype;
				PRODUCT_NAME = "$(TARGET_NAME)";
				SWIFT_EMIT_LOC_STRINGS = YES;
				SWIFT_VERSION = 5.0;
				TARGETED_DEVICE_FAMILY = "1,2";
			};
			name = Release;
		};
		C091AFB5294E9C060088886A /* Debug */ = {
			isa = XCBuildConfiguration;
			buildSettings = {
				ALWAYS_EMBED_SWIFT_STANDARD_LIBRARIES = YES;
				BUNDLE_LOADER = "$(TEST_HOST)";
				CODE_SIGN_STYLE = Automatic;
				CURRENT_PROJECT_VERSION = 1;
				DEVELOPMENT_TEAM = 5GZJ9VQSAU;
				GENERATE_INFOPLIST_FILE = YES;
				IPHONEOS_DEPLOYMENT_TARGET = 14.7;
				MARKETING_VERSION = 1.0;
				PRODUCT_BUNDLE_IDENTIFIER = BAMJIN.TESTTests;
				PRODUCT_NAME = "$(TARGET_NAME)";
				SWIFT_EMIT_LOC_STRINGS = NO;
				SWIFT_VERSION = 5.0;
				TARGETED_DEVICE_FAMILY = "1,2";
				TEST_HOST = "$(BUILT_PRODUCTS_DIR)/TEST.app/$(BUNDLE_EXECUTABLE_FOLDER_PATH)/TEST";
			};
			name = Debug;
		};
		C091AFB6294E9C060088886A /* Release */ = {
			isa = XCBuildConfiguration;
			buildSettings = {
				ALWAYS_EMBED_SWIFT_STANDARD_LIBRARIES = YES;
				BUNDLE_LOADER = "$(TEST_HOST)";
				CODE_SIGN_STYLE = Automatic;
				CURRENT_PROJECT_VERSION = 1;
				DEVELOPMENT_TEAM = 5GZJ9VQSAU;
				GENERATE_INFOPLIST_FILE = YES;
				IPHONEOS_DEPLOYMENT_TARGET = 14.7;
				MARKETING_VERSION = 1.0;
				PRODUCT_BUNDLE_IDENTIFIER = BAMJIN.TESTTests;
				PRODUCT_NAME = "$(TARGET_NAME)";
				SWIFT_EMIT_LOC_STRINGS = NO;
				SWIFT_VERSION = 5.0;
				TARGETED_DEVICE_FAMILY = "1,2";
				TEST_HOST = "$(BUILT_PRODUCTS_DIR)/TEST.app/$(BUNDLE_EXECUTABLE_FOLDER_PATH)/TEST";
			};
			name = Release;
		};
		C091AFB8294E9C060088886A /* Debug */ = {
			isa = XCBuildConfiguration;
			buildSettings = {
				ALWAYS_EMBED_SWIFT_STANDARD_LIBRARIES = YES;
				CODE_SIGN_STYLE = Automatic;
				CURRENT_PROJECT_VERSION = 1;
				DEVELOPMENT_TEAM = 5GZJ9VQSAU;
				GENERATE_INFOPLIST_FILE = YES;
				MARKETING_VERSION = 1.0;
				PRODUCT_BUNDLE_IDENTIFIER = BAMJIN.TESTUITests;
				PRODUCT_NAME = "$(TARGET_NAME)";
				SWIFT_EMIT_LOC_STRINGS = NO;
				SWIFT_VERSION = 5.0;
				TARGETED_DEVICE_FAMILY = "1,2";
				TEST_TARGET_NAME = TEST;
			};
			name = Debug;
		};
		C091AFB9294E9C060088886A /* Release */ = {
			isa = XCBuildConfiguration;
			buildSettings = {
				ALWAYS_EMBED_SWIFT_STANDARD_LIBRARIES = YES;
				CODE_SIGN_STYLE = Automatic;
				CURRENT_PROJECT_VERSION = 1;
				DEVELOPMENT_TEAM = 5GZJ9VQSAU;
				GENERATE_INFOPLIST_FILE = YES;
				MARKETING_VERSION = 1.0;
				PRODUCT_BUNDLE_IDENTIFIER = BAMJIN.TESTUITests;
				PRODUCT_NAME = "$(TARGET_NAME)";
				SWIFT_EMIT_LOC_STRINGS = NO;
				SWIFT_VERSION = 5.0;
				TARGETED_DEVICE_FAMILY = "1,2";
				TEST_TARGET_NAME = TEST;
			};
			name = Release;
		};
/* End XCBuildConfiguration section */

/* Begin XCConfigurationList section */
		C091AF88294E9C050088886A /* Build configuration list for PBXProject "TEST" */ = {
			isa = XCConfigurationList;
			buildConfigurations = (
				C091AFAF294E9C060088886A /* Debug */,
				C091AFB0294E9C060088886A /* Release */,
			);
			defaultConfigurationIsVisible = 0;
			defaultConfigurationName = Release;
		};
		C091AFB1294E9C060088886A /* Build configuration list for PBXNativeTarget "TEST" */ = {
			isa = XCConfigurationList;
			buildConfigurations = (
				C091AFB2294E9C060088886A /* Debug */,
				C091AFB3294E9C060088886A /* Release */,
			);
			defaultConfigurationIsVisible = 0;
			defaultConfigurationName = Release;
		};
		C091AFB4294E9C060088886A /* Build configuration list for PBXNativeTarget "TESTTests" */ = {
			isa = XCConfigurationList;
			buildConfigurations = (
				C091AFB5294E9C060088886A /* Debug */,
				C091AFB6294E9C060088886A /* Release */,
			);
			defaultConfigurationIsVisible = 0;
			defaultConfigurationName = Release;
		};
		C091AFB7294E9C060088886A /* Build configuration list for PBXNativeTarget "TESTUITests" */ = {
			isa = XCConfigurationList;
			buildConfigurations = (
				C091AFB8294E9C060088886A /* Debug */,
				C091AFB9294E9C060088886A /* Release */,
			);
			defaultConfigurationIsVisible = 0;
			defaultConfigurationName = Release;
		};
/* End XCConfigurationList section */

/* Begin XCRemoteSwiftPackageReference section */
		C0A3999F2964F23500410831 /* XCRemoteSwiftPackageReference "firebase-ios-sdk" */ = {
			isa = XCRemoteSwiftPackageReference;
			repositoryURL = "https://github.com/firebase/firebase-ios-sdk";
			requirement = {
				kind = upToNextMajorVersion;
				minimumVersion = 9.0.0;
			};
		};
/* End XCRemoteSwiftPackageReference section */

/* Begin XCSwiftPackageProductDependency section */
		C0A399A02964F23500410831 /* FirebaseAnalytics */ = {
			isa = XCSwiftPackageProductDependency;
			package = C0A3999F2964F23500410831 /* XCRemoteSwiftPackageReference "firebase-ios-sdk" */;
			productName = FirebaseAnalytics;
		};
		C0A399A22964F23500410831 /* FirebaseAnalyticsOnDeviceConversion */ = {
			isa = XCSwiftPackageProductDependency;
			package = C0A3999F2964F23500410831 /* XCRemoteSwiftPackageReference "firebase-ios-sdk" */;
			productName = FirebaseAnalyticsOnDeviceConversion;
		};
		C0A399A42964F23500410831 /* FirebaseAnalyticsSwift */ = {
			isa = XCSwiftPackageProductDependency;
			package = C0A3999F2964F23500410831 /* XCRemoteSwiftPackageReference "firebase-ios-sdk" */;
			productName = FirebaseAnalyticsSwift;
		};
		C0A399A62964F23500410831 /* FirebaseAnalyticsWithoutAdIdSupport */ = {
			isa = XCSwiftPackageProductDependency;
			package = C0A3999F2964F23500410831 /* XCRemoteSwiftPackageReference "firebase-ios-sdk" */;
			productName = FirebaseAnalyticsWithoutAdIdSupport;
		};
		C0A399A82964F23500410831 /* FirebaseAppCheck */ = {
			isa = XCSwiftPackageProductDependency;
			package = C0A3999F2964F23500410831 /* XCRemoteSwiftPackageReference "firebase-ios-sdk" */;
			productName = FirebaseAppCheck;
		};
		C0A399AA2964F23500410831 /* FirebaseAppDistribution-Beta */ = {
			isa = XCSwiftPackageProductDependency;
			package = C0A3999F2964F23500410831 /* XCRemoteSwiftPackageReference "firebase-ios-sdk" */;
			productName = "FirebaseAppDistribution-Beta";
		};
		C0A399AC2964F23500410831 /* FirebaseAuth */ = {
			isa = XCSwiftPackageProductDependency;
			package = C0A3999F2964F23500410831 /* XCRemoteSwiftPackageReference "firebase-ios-sdk" */;
			productName = FirebaseAuth;
		};
		C0A399AE2964F23500410831 /* FirebaseAuthCombine-Community */ = {
			isa = XCSwiftPackageProductDependency;
			package = C0A3999F2964F23500410831 /* XCRemoteSwiftPackageReference "firebase-ios-sdk" */;
			productName = "FirebaseAuthCombine-Community";
		};
		C0A399B02964F23500410831 /* FirebaseCrashlytics */ = {
			isa = XCSwiftPackageProductDependency;
			package = C0A3999F2964F23500410831 /* XCRemoteSwiftPackageReference "firebase-ios-sdk" */;
			productName = FirebaseCrashlytics;
		};
		C0A399B22964F23500410831 /* FirebaseFirestore */ = {
			isa = XCSwiftPackageProductDependency;
			package = C0A3999F2964F23500410831 /* XCRemoteSwiftPackageReference "firebase-ios-sdk" */;
			productName = FirebaseFirestore;
		};
		C0A399B42964F23500410831 /* FirebaseFirestoreCombine-Community */ = {
			isa = XCSwiftPackageProductDependency;
			package = C0A3999F2964F23500410831 /* XCRemoteSwiftPackageReference "firebase-ios-sdk" */;
			productName = "FirebaseFirestoreCombine-Community";
		};
		C0A399B62964F23500410831 /* FirebaseFirestoreSwift */ = {
			isa = XCSwiftPackageProductDependency;
			package = C0A3999F2964F23500410831 /* XCRemoteSwiftPackageReference "firebase-ios-sdk" */;
			productName = FirebaseFirestoreSwift;
		};
		C0A399B82964F23500410831 /* FirebaseFunctions */ = {
			isa = XCSwiftPackageProductDependency;
			package = C0A3999F2964F23500410831 /* XCRemoteSwiftPackageReference "firebase-ios-sdk" */;
			productName = FirebaseFunctions;
		};
		C0A399BA2964F23500410831 /* FirebaseFunctionsCombine-Community */ = {
			isa = XCSwiftPackageProductDependency;
			package = C0A3999F2964F23500410831 /* XCRemoteSwiftPackageReference "firebase-ios-sdk" */;
			productName = "FirebaseFunctionsCombine-Community";
		};
		C0A399BC2964F23500410831 /* FirebaseInAppMessaging-Beta */ = {
			isa = XCSwiftPackageProductDependency;
			package = C0A3999F2964F23500410831 /* XCRemoteSwiftPackageReference "firebase-ios-sdk" */;
			productName = "FirebaseInAppMessaging-Beta";
		};
		C0A399BE2964F23500410831 /* FirebaseInAppMessagingSwift-Beta */ = {
			isa = XCSwiftPackageProductDependency;
			package = C0A3999F2964F23500410831 /* XCRemoteSwiftPackageReference "firebase-ios-sdk" */;
			productName = "FirebaseInAppMessagingSwift-Beta";
		};
		C0A399C02964F23500410831 /* FirebaseInstallations */ = {
			isa = XCSwiftPackageProductDependency;
			package = C0A3999F2964F23500410831 /* XCRemoteSwiftPackageReference "firebase-ios-sdk" */;
			productName = FirebaseInstallations;
		};
/* End XCSwiftPackageProductDependency section */
	};
	rootObject = C091AF85294E9C050088886A /* Project object */;
}
